Microsoft Visual Studio Solution File, Format Version 12.00
# Visual Studio Version 17
VisualStudioVersion = 17.5.2.0
MinimumVisualStudioVersion = 10.0.40219.1
Project("{FAE04EC0-301F-11D3-BF4B-00C04F79EFBC}") = "Automata", "Automata.csproj", "{05C93C98-3245-8EBF-F3A4-EB45C8EB6CB1}"
EndProject
Global
	GlobalSection(SolutionConfigurationPlatforms) = preSolution
		Debug|Any CPU = Debug|Any CPU
		Release|Any CPU = Release|Any CPU
	EndGlobalSection
	GlobalSection(ProjectConfigurationPlatforms) = postSolution
		{05C93C98-3245-8EBF-F3A4-EB45C8EB6CB1}.Debug|Any CPU.ActiveCfg = Debug|Any CPU
		{05C93C98-3245-8EBF-F3A4-EB45C8EB6CB1}.Debug|Any CPU.Build.0 = Debug|Any CPU
		{05C93C98-3245-8EBF-F3A4-EB45C8EB6CB1}.Release|Any CPU.ActiveCfg = Release|Any CPU
		{05C93C98-3245-8EBF-F3A4-EB45C8EB6CB1}.Release|Any CPU.Build.0 = Release|Any CPU
	EndGlobalSection
	GlobalSection(SolutionProperties) = preSolution
		HideSolutionNode = FALSE
	EndGlobalSection
	GlobalSection(ExtensibilityGlobals) = postSolution
		SolutionGuid = {080D0998-E8F0-4DCC-8A99-9E4B8B17C251}
	EndGlobalSection
EndGlobal
